# This file is automatically @generated by Cargo.
# It is not intended for manual editing.
version = 4

[[package]]
name = "basic_pattern_scanner"
version = "1.0.0"
source = "registry+https://github.com/rust-lang/crates.io-index"
checksum = "205c7223751f4d1873bf22365133d83416ef89c1fddf8e37113b95490e89ecf9"

[[package]]
name = "lime"
version = "0.1.0"
dependencies = [
 "basic_pattern_scanner",
]
